# This file is automatically @generated by rotriever.
# It is not intended for manual editing.
lockfile_format_version = 4
proxy = "https://github.com/roblox/rotriever-proxy-index"

[[package]]
name = "AvatarExperienceDeps"
version = "0.0.1"
commit = "5a31b41867d2c5ebf0b5670d9be27f3edd403545"
source = "git+https://github.com/roblox/avatar-experience-deps#master"
dependencies = ["RoactFitComponents roblox/roact-fit-components 1.2.5 url+https://github.com/roblox/roact-fit-components"]

[[package]]
name = "CorePackages"
version = "0.1.0"
dependencies = [
    "AvatarExperienceDeps AvatarExperienceDeps 5a31b418 git+https://github.com/roblox/avatar-experience-deps#master",
    "Cryo roblox/cryo 1.0.0 url+https://github.com/roblox/cryo",
    "DeveloperTools roblox/developer-tools 0.1.4 url+https://github.com/roblox/developer-tools",
    "InGameMenuDependencies InGameMenuDependencies aecc56c1 git+https://github.com/roblox/in-game-menu-dependencies#master",
    "LuaChatDeps LuaChatDeps f16c0046 git+https://github.com/roblox/lua-chat-deps#master",
    "LuaDiscussionsDeps LuaDiscussionsDeps 149f4695 git+https://github.com/roblox/lua-discussions-deps#master",
    "LuaSocialLibrariesDeps LuaSocialLibrariesDeps b04c5805 git+https://github.com/roblox/lua-social-libraries-deps#master",
    "Lumberyak roblox/lumberyak 76fee23f git+https://github.com/roblox/lumberyak#master",
    "Otter roblox/otter 0.1.3 url+https://github.com/roblox/otter",
    "PolicyProvider roblox/lua-roact-policy-provider 5f782af8 git+https://github.com/roblox/lua-roact-policy-provider#master",
    "PremiumUpsellDeps PremiumUpsellDeps c51030b7 git+https://github.com/roblox/premium-upsell-deps#master",
    "Promise lua-promise 1bb842c3 git+https://github.com/roblox/lua-promise#master",
    "PurchasePrompt roblox/purchase-prompt 81ce762f git+https://github.com/roblox/purchasepromptscript-roact#master",
    "PurchasePromptDeps roblox/purchase-prompt-deps c337b7da git+https://github.com/roblox/purchase-prompt-deps#master",
    "Result roblox/lua-result c6817c84 git+https://github.com/roblox/lua-result#master",
    "Rhodium roblox/rhodium 0.2.5 url+https://github.com/roblox/rhodium",
    "Roact roblox/roact 1.3.1 url+https://github.com/roblox/roact",
    "RoactGamepad roblox/roact-gamepad 0.4.6 url+https://github.com/roblox/roact-gamepad",
    "RoactNavigation roblox/roact-navigation 0.4.1 url+https://github.com/roblox/roact-navigation",
    "RoactRodux roblox/roact-rodux 0.2.2 url+https://github.com/roblox/roact-rodux",
    "Rodux roblox/rodux 1.0.0 url+https://github.com/roblox/rodux",
    "StringUtilities roblox/string-utilities 1.0.0 url+https://github.com/roblox/string-utilities",
    "TestEZ roblox/testez 0.4.0 url+https://github.com/roblox/testez",
    "UIBlox UIBlox 3a82d9ed git+https://github.com/roblox/uiblox#master",
    "UrlBuilder roblox/url-builder 1.0.4 url+https://github.com/roblox/url-builder",
    "enumerate roblox/enumerate 1.0.0 url+https://github.com/roblox/enumerate",
    "t roblox/t 1.2.5 url+https://github.com/roblox/t",
    "tutils tutils 937da4f7 git+https://github.com/roblox/tutils#master",
]

[[package]]
name = "InGameMenuDependencies"
version = "0.1.0"
commit = "aecc56c1fa6348886a1073785dbb196b655a0a90"
source = "git+https://github.com/roblox/in-game-menu-dependencies#master"
dependencies = [
    "Cryo roblox/cryo 1.0.0 url+https://github.com/roblox/cryo",
    "Otter roblox/otter 0.1.3 url+https://github.com/roblox/otter",
    "PolicyProvider roblox/lua-roact-policy-provider 5f782af8 git+https://github.com/roblox/lua-roact-policy-provider#master",
    "Roact roblox/roact 1.3.1 url+https://github.com/roblox/roact",
    "RoactRodux roblox/roact-rodux 0.2.2 url+https://github.com/roblox/roact-rodux",
    "Rodux roblox/rodux 1.0.0 url+https://github.com/roblox/rodux",
    "UIBlox <patched> UIBlox 3a82d9ed git+https://github.com/roblox/uiblox#master",
    "t roblox/t 1.2.5 url+https://github.com/roblox/t",
]

[[package]]
name = "LuaChatDeps"
version = "0.1.3"
commit = "f16c004618db2eacb01bf85c73946d0711bfe922"
source = "git+https://github.com/roblox/lua-chat-deps#master"
dependencies = [
    "AssetCard roblox/asset-card 103b2a57 git+https://github.com/roblox/asset-card#v1.0.3",
    "InfiniteScroller roblox/infinite-scroller 0.7.3 url+https://github.com/roblox/infinite-scroller",
    "InfiniteScroller71 roblox/infinite-scroller 7286a922 git+https://github.com/roblox/infinite-scroller#v0.7.1",
    "RoduxNetworking rodux-networking 8902a6aa git+https://github.com/roblox/rodux-networking#v1.0.2",
    "UIBlox UIBlox 3a82d9ed git+https://github.com/roblox/uiblox#master",
]

[[package]]
name = "LuaDiscussionsDeps"
version = "0.1.2"
commit = "149f4695b874c2e43760131eda24779669bb3bec"
source = "git+https://github.com/roblox/lua-discussions-deps#master"
dependencies = [
    "InfiniteScroll roblox/infinite-scroller 0.3.4 url+https://github.com/roblox/infinite-scroller",
    "RoactFitComponents roblox/roact-fit-components 1.2.5 url+https://github.com/roblox/roact-fit-components",
    "RoactNavigation roact-navigation 0.1.1-linter-fix url+https://github.com/roblox/roact-navigation",
    "RoduxNetworking rodux-networking 8902a6aa git+https://github.com/roblox/rodux-networking#v1.0.2",
]

[[package]]
name = "LuaSocialLibrariesDeps"
version = "0.1.1"
commit = "b04c58051c6067aaceb41d062c8eb1ddffeaba0a"
source = "git+https://github.com/roblox/lua-social-libraries-deps#master"
dependencies = [
    "GenericPagination roblox/genericpagination 885168d0 git+https://github.com/roblox/genericpagination#master",
    "Mock jtaylor/mock d2c4005c git+https://github.com/roblox/mock#master",
    "RoactFitComponents roblox/roact-fit-components 1.2.5 url+https://github.com/roblox/roact-fit-components",
]

[[package]]
name = "PremiumUpsellDeps"
version = "0.0.0"
commit = "c51030b70236f2e9d69bb34348b7e045c2c437f6"
source = "git+https://github.com/roblox/premium-upsell-deps#master"
dependencies = ["RoactFitComponents roblox/roact-fit-components 1.2.5 url+https://github.com/roblox/roact-fit-components"]

[[package]]
name = "UIBlox"
version = "0.1.1"
commit = "3a82d9edf6c4d9edf5bf34325ed4802c80d759dc"
source = "git+https://github.com/roblox/uiblox#master"
dependencies = [
    "Cryo roblox/cryo 1.0.0 url+https://github.com/roblox/cryo",
    "FitFrame roblox/roact-fit-components 1.2.5 url+https://github.com/roblox/roact-fit-components",
    "InfiniteScroller roblox/infinite-scroller 0.5.6 url+https://github.com/roblox/infinite-scroller",
    "Otter roblox/otter 0.1.3 url+https://github.com/roblox/otter",
    "Roact roblox/roact 1.3.1 url+https://github.com/roblox/roact",
    "RoactGamepad roblox/roact-gamepad 0.4.6 url+https://github.com/roblox/roact-gamepad",
    "enumerate roblox/enumerate 1.0.0 url+https://github.com/roblox/enumerate",
    "t roblox/t 1.2.5 url+https://github.com/roblox/t",
]

[[package]]
name = "freeze"
version = "0.1.0"
commit = "ef89f9d0444a2a7f63d5fd913a38824f3edba69f"
source = "git+https://github.com/roblox/freeze#master"
dependencies = ["Cryo roblox/cryo 1.0.0 url+https://github.com/roblox/cryo"]

[[package]]
name = "jtaylor/mock"
version = "0.1.0"
commit = "d2c4005c863fd2f9fa74b7391ada64906d242847"
source = "git+https://github.com/roblox/mock#master"

[[package]]
name = "lua-promise"
version = "0.1.0"
commit = "1bb842c39b74105e3cd4c775e300d5139b19d039"
source = "git+https://github.com/roblox/lua-promise#master"
dependencies = ["tutils tutils 937da4f7 git+https://github.com/roblox/tutils#master"]

[[package]]
name = "roact-navigation"
version = "0.1.1-linter-fix"
commit = "943c1c661c396a39ef3ca8f45927d4242732581d"
source = "url+https://github.com/roblox/roact-navigation"
dependencies = [
    "Cryo roblox/cryo 1.0.0 url+https://github.com/roblox/cryo",
    "Otter roblox/otter 0.1.3 url+https://github.com/roblox/otter",
    "Roact roblox/roact 1.3.1 url+https://github.com/roblox/roact",
]

[[package]]
name = "roblox/asset-card"
version = "1.0.3"
commit = "103b2a571ef09611ac91d38f15c3777682f69bfe"
source = "git+https://github.com/roblox/asset-card#v1.0.3"
dependencies = [
    "Roact roblox/roact 1.3.1 url+https://github.com/roblox/roact",
    "Rodux roblox/rodux 1.0.0 url+https://github.com/roblox/rodux",
    "UIBlox UIBlox 3a82d9ed git+https://github.com/roblox/uiblox#master",
    "t roblox/t 1.2.5 url+https://github.com/roblox/t",
]

[[package]]
name = "roblox/cryo"
version = "1.0.0"
commit = "272caa8f3f3b3b29296b462f80b65cc9b1c92f1e"
source = "url+https://github.com/roblox/cryo"

[[package]]
name = "roblox/dash"
version = "0.1.7"
commit = "03aaa4ab36e34e5d4c683c3ec337af80cf70a546"
source = "url+https://github.com/roblox/dash"

[[package]]
name = "roblox/developer-tools"
version = "0.1.4"
commit = "90266d909da3b9264eb893a3761d80d97d2d3f4f"
source = "url+https://github.com/roblox/developer-tools"
dependencies = ["Dash roblox/dash 0.1.7 url+https://github.com/roblox/dash"]

[[package]]
name = "roblox/enumerate"
version = "1.0.0"
commit = "48daaf0df47eaf36c154d691a8320239e4a1312e"
source = "url+https://github.com/roblox/enumerate"

[[package]]
name = "roblox/genericpagination"
version = "0.1.0"
commit = "885168d01a0de5e0753653746ff8b392dc1d8acc"
source = "git+https://github.com/roblox/genericpagination#master"
dependencies = [
    "Promise lua-promise 1bb842c3 git+https://github.com/roblox/lua-promise#master",
    "t roblox/t 1.2.5 url+https://github.com/roblox/t",
]

[[package]]
name = "roblox/infinite-scroller"
version = "0.3.4"
commit = "43d4eedf0d7a0a97d2dd55e7f066ac617e7fde9f"
source = "url+https://github.com/roblox/infinite-scroller"
dependencies = [
    "Cryo roblox/cryo 1.0.0 url+https://github.com/roblox/cryo",
    "FitFrame roblox/roact-fit-components 1.2.5 url+https://github.com/roblox/roact-fit-components",
    "Otter roblox/otter 0.1.3 url+https://github.com/roblox/otter",
    "Roact roblox/roact 1.3.1 url+https://github.com/roblox/roact",
    "t roblox/t 1.2.5 url+https://github.com/roblox/t",
]

[[package]]
name = "roblox/infinite-scroller"
version = "0.5.6"
commit = "d622d74bec4a599c5f8ef642194fa9eaf973b5c0"
source = "url+https://github.com/roblox/infinite-scroller"
dependencies = [
    "Cryo roblox/cryo 1.0.0 url+https://github.com/roblox/cryo",
    "FitFrame roblox/roact-fit-components 1.2.5 url+https://github.com/roblox/roact-fit-components",
    "Otter roblox/otter 0.1.3 url+https://github.com/roblox/otter",
    "Roact roblox/roact 1.3.1 url+https://github.com/roblox/roact",
    "t roblox/t 1.2.5 url+https://github.com/roblox/t",
]

[[package]]
name = "roblox/infinite-scroller"
version = "0.7.1"
commit = "7286a92274106024c813d7a9364e84e1597f9034"
source = "git+https://github.com/roblox/infinite-scroller#v0.7.1"
dependencies = [
    "Cryo roblox/cryo 1.0.0 url+https://github.com/roblox/cryo",
    "FitFrame roblox/roact-fit-components 1.2.5 url+https://github.com/roblox/roact-fit-components",
    "Lumberyak roblox/lumberyak 0.1.1 url+https://github.com/roblox/lumberyak",
    "Otter roblox/otter 0.1.3 url+https://github.com/roblox/otter",
    "Roact roblox/roact 1.3.1 url+https://github.com/roblox/roact",
    "t roblox/t 1.2.5 url+https://github.com/roblox/t",
]

[[package]]
name = "roblox/infinite-scroller"
version = "0.7.3"
commit = "8dbd1980cdd54930abdd9d251263f364c9aa6f0b"
source = "url+https://github.com/roblox/infinite-scroller"
dependencies = [
    "Cryo roblox/cryo 1.0.0 url+https://github.com/roblox/cryo",
    "FitFrame roblox/roact-fit-components 1.2.5 url+https://github.com/roblox/roact-fit-components",
    "Lumberyak roblox/lumberyak 0.1.1 url+https://github.com/roblox/lumberyak",
    "Otter roblox/otter 0.1.3 url+https://github.com/roblox/otter",
    "Roact roblox/roact 1.3.1 url+https://github.com/roblox/roact",
    "t roblox/t 1.2.5 url+https://github.com/roblox/t",
]

[[package]]
name = "roblox/lua-result"
version = "0.1.0"
commit = "c6817c8455aa1f5922d83dd44c8bedbc7726e51d"
source = "git+https://github.com/roblox/lua-result#master"

[[package]]
name = "roblox/lua-roact-policy-provider"
version = "0.1.0"
commit = "5f782af8bb981d6e9d2b3fa92f69b02bd4f4cf37"
source = "git+https://github.com/roblox/lua-roact-policy-provider#master"
dependencies = [
    "Cryo roblox/cryo 1.0.0 url+https://github.com/roblox/cryo",
    "Lumberyak roblox/lumberyak 76fee23f git+https://github.com/roblox/lumberyak#master",
    "Mock jtaylor/mock d2c4005c git+https://github.com/roblox/mock#master",
    "Promise lua-promise 1bb842c3 git+https://github.com/roblox/lua-promise#master",
    "Roact roblox/roact 1.3.1 url+https://github.com/roblox/roact",
    "Symbol roblox/lua-symbol 139fdfe6 git+https://github.com/roblox/lua-symbol#master",
    "tutils tutils 937da4f7 git+https://github.com/roblox/tutils#master",
]

[[package]]
name = "roblox/lua-symbol"
version = "0.1.0"
commit = "139fdfe6e4d4eca690887d3beb80e1514af501bf"
source = "git+https://github.com/roblox/lua-symbol#master"

[[package]]
name = "roblox/lumberyak"
version = "0.1.1"
commit = "76fee23fcefb988bfe97b4825dad792eb57c0e04"
source = "git+https://github.com/roblox/lumberyak#master"
dependencies = ["Cryo roblox/cryo 1.0.0 url+https://github.com/roblox/cryo"]

[[package]]
name = "roblox/lumberyak"
version = "0.1.1"
commit = "80926beddd32fe7686e036da2c2e6e08d42c74cf"
source = "url+https://github.com/roblox/lumberyak"
dependencies = ["Cryo roblox/cryo 1.0.0 url+https://github.com/roblox/cryo"]

[[package]]
name = "roblox/otter"
version = "0.1.3"
commit = "968bf9466a01286b74c14ef93a28d6ea8b23b561"
source = "url+https://github.com/roblox/otter"

[[package]]
name = "roblox/purchase-prompt"
version = "0.1.6"
commit = "81ce762fbffc86c3402e4a8139c2eb6c6894eb5d"
source = "git+https://github.com/roblox/purchasepromptscript-roact#master"
dependencies = [
    "Cryo roblox/cryo 1.0.0 url+https://github.com/roblox/cryo",
    "FitFrame roblox/roact-fit-components 1.2.5 url+https://github.com/roblox/roact-fit-components",
    "Otter roblox/otter 0.1.3 url+https://github.com/roblox/otter",
    "Roact roblox/roact 1.3.1 url+https://github.com/roblox/roact",
    "RoactRodux roblox/roact-rodux 0.2.2 url+https://github.com/roblox/roact-rodux",
    "Rodux roblox/rodux 1.0.0 url+https://github.com/roblox/rodux",
    "UIBlox <patched> UIBlox 3a82d9ed git+https://github.com/roblox/uiblox#master",
    "t roblox/t 1.2.5 url+https://github.com/roblox/t",
]

[[package]]
name = "roblox/purchase-prompt-deps"
version = "0.0.1"
commit = "c337b7da6ec46375e18cd3f14d6b5cb255fe0c0a"
source = "git+https://github.com/roblox/purchase-prompt-deps#master"
dependencies = [
    "Cryo roblox/cryo 1.0.0 url+https://github.com/roblox/cryo",
    "FitFrame roblox/roact-fit-components 1.2.5 url+https://github.com/roblox/roact-fit-components",
    "Otter roblox/otter 0.1.3 url+https://github.com/roblox/otter",
    "Roact roblox/roact 1.3.1 url+https://github.com/roblox/roact",
    "RoactRodux roblox/roact-rodux 0.2.2 url+https://github.com/roblox/roact-rodux",
    "Rodux roblox/rodux 1.0.0 url+https://github.com/roblox/rodux",
    "UIBlox <patched> UIBlox 3a82d9ed git+https://github.com/roblox/uiblox#master",
    "t roblox/t 1.2.5 url+https://github.com/roblox/t",
]

[[package]]
name = "roblox/rhodium"
version = "0.2.5"
commit = "7e623fc1d95af129f8fe9ca959160969e469e2ef"
source = "url+https://github.com/roblox/rhodium"

[[package]]
name = "roblox/roact"
version = "1.3.1"
commit = "380c3d652f41d896d2f5ebcc128aeed99d176184"
source = "url+https://github.com/roblox/roact"

[[package]]
name = "roblox/roact-fit-components"
version = "1.2.5"
commit = "b784928fdef64215d38e2febae28412a3b2a520b"
source = "url+https://github.com/roblox/roact-fit-components"
dependencies = [
    "Cryo roblox/cryo 1.0.0 url+https://github.com/roblox/cryo",
    "Roact roblox/roact 1.3.1 url+https://github.com/roblox/roact",
]

[[package]]
name = "roblox/roact-gamepad"
version = "0.4.6"
commit = "fc0b421162ed09a155ceeaf01142e58d8e686e74"
source = "url+https://github.com/roblox/roact-gamepad"
dependencies = [
    "Cryo roblox/cryo 1.0.0 url+https://github.com/roblox/cryo",
    "Roact roblox/roact 1.3.1 url+https://github.com/roblox/roact",
    "enumerate roblox/enumerate 1.0.0 url+https://github.com/roblox/enumerate",
    "t roblox/t 1.2.5 url+https://github.com/roblox/t",
]

[[package]]
name = "roblox/roact-navigation"
version = "0.4.1"
commit = "20f4bf21637414c86d4a61965f8a01ae51a81f54"
source = "url+https://github.com/roblox/roact-navigation"
dependencies = [
    "Cryo roblox/cryo 1.0.0 url+https://github.com/roblox/cryo",
    "Otter roblox/otter 0.1.3 url+https://github.com/roblox/otter",
    "Roact roblox/roact 1.3.1 url+https://github.com/roblox/roact",
]

[[package]]
name = "roblox/roact-rodux"
version = "0.2.2"
commit = "78e2f5ac8c4679ef7216fbb9eedbcae31122545a"
source = "url+https://github.com/roblox/roact-rodux"
dependencies = [
    "Roact roblox/roact 1.3.1 url+https://github.com/roblox/roact",
    "Rodux roblox/rodux 1.0.0 url+https://github.com/roblox/rodux",
]

[[package]]
name = "roblox/rodux"
version = "1.0.0"
commit = "416e8042bd6eac7a385cb0955079501fd44f11e1"
source = "url+https://github.com/roblox/rodux"

[[package]]
name = "roblox/string-utilities"
version = "1.0.0"
commit = "7cbef7885ca023d71dd93f02ffa32cbda65faa9c"
source = "url+https://github.com/roblox/string-utilities"

[[package]]
name = "roblox/t"
version = "1.2.5"
commit = "5d6ee3e23a658b12bc433b0837184215618e233e"
source = "url+https://github.com/roblox/t"

[[package]]
name = "roblox/testez"
version = "0.4.0"
commit = "6c169cd80edbacbe27aa1c15345a60c4cb5177c7"
source = "url+https://github.com/roblox/testez"

[[package]]
name = "roblox/url-builder"
version = "1.0.4"
commit = "cc593441e3efee555f0d6789c5df45138947909f"
source = "url+https://github.com/roblox/url-builder"
dependencies = [
    "Cryo roblox/cryo 1.0.0 url+https://github.com/roblox/cryo",
    "StringUtilities roblox/string-utilities 1.0.0 url+https://github.com/roblox/string-utilities",
]

[[package]]
name = "rodux-networking"
version = "1.0.0"
commit = "8902a6aaf52d5cad67e8e972f8fb6969d1b81157"
source = "git+https://github.com/roblox/rodux-networking#v1.0.2"
dependencies = [
    "Cryo roblox/cryo 1.0.0 url+https://github.com/roblox/cryo",
    "Freeze freeze ef89f9d0 git+https://github.com/roblox/freeze#master",
    "Promise lua-promise 1bb842c3 git+https://github.com/roblox/lua-promise#master",
    "Rodux roblox/rodux 1.0.0 url+https://github.com/roblox/rodux",
    "tutils tutils 937da4f7 git+https://github.com/roblox/tutils#master",
]

[[package]]
name = "tutils"
version = "0.1.0"
commit = "937da4f7f354ebe6cf62348a80cc82fda91be2f0"
source = "git+https://github.com/roblox/tutils#master"
