# This file is automatically @generated by rotriever.
# It is not intended for manual editing.
lockfile_format_version = 4
proxy = "https://github.com/roblox/rotriever-proxy-index"

[[package]]
name = "AvatarExperienceDeps"
version = "0.0.1"
commit = "5a31b41867d2c5ebf0b5670d9be27f3edd403545"
source = "git+https://github.com/roblox/avatar-experience-deps#master"
dependencies = ["RoactFitComponents roblox/roact-fit-components 1.2.3 url+https://github.com/roblox/roact-fit-components"]

[[package]]
name = "CorePackages"
version = "0.1.0"
dependencies = [
    "AvatarExperienceDeps AvatarExperienceDeps 5a31b418 git+https://github.com/roblox/avatar-experience-deps#master",
    "Cryo roblox/cryo 1.0.0 url+https://github.com/roblox/cryo",
    "InGameMenuDependencies InGameMenuDependencies 418c3417 git+https://github.rbx.com/roblox/in-game-menu-dependencies#master",
    "LuaChatDeps LuaChatDeps af3a8696 git+https://github.rbx.com/roblox/lua-chat-deps#master",
    "LuaDiscussionsDeps LuaDiscussionsDeps f61ab8c8 git+https://github.rbx.com/roblox/lua-discussions-deps#master",
    "LuaSocialLibrariesDeps LuaSocialLibrariesDeps 3e3d8fd8 git+https://github.rbx.com/roblox/lua-social-libraries-deps#master",
    "Lumberyak roblox/lumberyak 4c383367 git+https://github.rbx.com/roblox/lumberyak#master",
    "Otter roblox/otter 0.1.1 url+https://github.com/roblox/otter",
    "PolicyProvider roblox/policy-provider 75d0bed6 git+https://github.rbx.com/roblox/lua-roact-policy-provider#master",
    "PremiumUpsellDeps PremiumUpsellDeps c51030b7 git+https://github.com/roblox/premium-upsell-deps#master",
    "Promise lua-promise bbb9e162 git+https://github.rbx.com/roblox/lua-promise#master",
    "PurchasePrompt roblox/purchase-prompt 106d0c26 git+https://github.com/roblox/purchasepromptscript-roact#master",
    "Result lua-Result 4c69dedd git+https://github.rbx.com/roblox/lua-result#master",
    "Roact roblox/roact 1.2.0 url+https://github.com/roblox/roact",
    "RoactNavigation roblox/roact-navigation 0.2.6 url+https://github.com/roblox/roact-navigation",
    "RoactRodux roblox/roact-rodux 0.2.1 url+https://github.com/roblox/roact-rodux",
    "Rodux roblox/rodux 1.0.0 url+https://github.com/roblox/rodux",
    "TestEZ roblox/testez 0.1.1 url+https://github.com/roblox/testez",
    "UIBlox UIBlox 75e6a511 git+https://github.com/roblox/uiblox#master",
    "enumerate roblox/enumerate 1.0.0 url+https://github.com/roblox/enumerate",
    "t roblox/t 1.2.5 url+https://github.com/roblox/t",
    "tutils tutils 74574fde git+https://github.rbx.com/roblox/tutils#master",
]

[[package]]
name = "InGameMenuDependencies"
version = "0.1.0"
commit = "418c3417db143400ba270c6817106428b9c71b05"
source = "git+https://github.rbx.com/roblox/in-game-menu-dependencies#master"
dependencies = [
    "Cryo roblox/cryo 1.0.0 url+https://github.com/roblox/cryo",
    "Otter roblox/otter 0.1.1 url+https://github.com/roblox/otter",
    "Roact roblox/roact 1.2.0 url+https://github.com/roblox/roact",
    "RoactRodux roblox/roact-rodux 0.2.1 url+https://github.com/roblox/roact-rodux",
    "Rodux roblox/rodux 1.0.0 url+https://github.com/roblox/rodux",
    "UIBlox <patched> UIBlox 75e6a511 git+https://github.com/roblox/uiblox#master",
    "t roblox/t 1.2.5 url+https://github.com/roblox/t",
]

[[package]]
name = "LuaChatDeps"
version = "0.1.1"
commit = "af3a8696cbcb88bbcf14aa6857cc3a6caad79f58"
source = "git+https://github.rbx.com/roblox/lua-chat-deps#master"
dependencies = [
    "RoduxNetworking rodux-networking b3747078 git+https://github.rbx.com/roblox/rodux-networking#master",
    "UIBlox UIBlox 75e6a511 git+https://github.com/roblox/uiblox#master",
]

[[package]]
name = "LuaDiscussionsDeps"
version = "0.1.1"
commit = "f61ab8c8d197f9afeee8951281bea0a905b3045a"
source = "git+https://github.rbx.com/roblox/lua-discussions-deps#master"
dependencies = [
    "InfiniteScroll roblox/infinite-scroller 0.3.4 url+https://github.com/roblox/infinite-scroller",
    "RoactFitComponents roblox/roact-fit-components 1.2.3 url+https://github.com/roblox/roact-fit-components",
    "RoactNavigation roact-navigation 9887d065 git+https://github.rbx.com/roblox/roact-navigation#v0.1.1b",
    "RoduxNetworking rodux-networking b3747078 git+https://github.rbx.com/roblox/rodux-networking#master",
]

[[package]]
name = "LuaSocialLibrariesDeps"
version = "0.1.1"
commit = "3e3d8fd8aa27536614b05ed87912b48357c64215"
source = "git+https://github.rbx.com/roblox/lua-social-libraries-deps#master"
dependencies = [
    "GenericPagination roblox/genericpagination cf641eb5 git+https://github.rbx.com/roblox/genericpagination#master",
    "Mock jtaylor/mock d2c4005c git+https://github.rbx.com/roblox/mock#master",
    "RoactFitComponents roblox/roact-fit-components 1.2.3 url+https://github.com/roblox/roact-fit-components",
]

[[package]]
name = "PremiumUpsellDeps"
version = "0.0.0"
commit = "c51030b70236f2e9d69bb34348b7e045c2c437f6"
source = "git+https://github.com/roblox/premium-upsell-deps#master"
dependencies = ["RoactFitComponents roblox/roact-fit-components 1.2.3 url+https://github.com/roblox/roact-fit-components"]

[[package]]
name = "Roact1xMigration"
version = "1.2.0"
commit = "9f19eb8db5fef2fbc8c83fd096b9ec6338e5d1d8"
source = "git+https://github.rbx.com/pdoyle/roact-1x-migration#master"
dependencies = ["Roact <patched> roblox/roact 1.2.0 url+https://github.com/roblox/roact"]

[[package]]
name = "UIBlox"
version = "0.1.1"
commit = "75e6a511fea6925c18afbb0cd24c97152bca2610"
source = "git+https://github.com/roblox/uiblox#master"
dependencies = [
    "Cryo roblox/cryo 1.0.0 url+https://github.com/roblox/cryo",
    "FitFrame roblox/roact-fit-components 1.2.3 url+https://github.com/roblox/roact-fit-components",
    "InfiniteScroller roblox/infinite-scroller 0.5.1 url+https://github.com/roblox/infinite-scroller",
    "Otter roblox/otter 0.1.1 url+https://github.com/roblox/otter",
    "Roact roblox/roact 1.2.0 url+https://github.com/roblox/roact",
    "enumerate roblox/enumerate 1.0.0 url+https://github.com/roblox/enumerate",
    "t roblox/t 1.2.5 url+https://github.com/roblox/t",
]

[[package]]
name = "freeze"
version = "0.1.0"
commit = "f18cf7e585681f3c4d301ac7a67451088d8545e8"
source = "git+https://github.rbx.com/roblox/freeze#master"
dependencies = ["Cryo <patched> roblox/cryo 1.0.0 url+https://github.com/roblox/cryo"]

[[package]]
name = "jtaylor/mock"
version = "0.1.0"
commit = "d2c4005c863fd2f9fa74b7391ada64906d242847"
source = "git+https://github.rbx.com/roblox/mock#master"

[[package]]
name = "lua-Result"
version = "0.1.0"
commit = "4c69dedd694955062eacabb674dc3088c4a7fa60"
source = "git+https://github.rbx.com/roblox/lua-result#master"

[[package]]
name = "lua-promise"
version = "0.1.0"
commit = "bbb9e1628901e29b8fad444ed1c9743ccbb3280b"
source = "git+https://github.rbx.com/roblox/lua-promise#master"
dependencies = ["tutils tutils 74574fde git+https://github.rbx.com/roblox/tutils#master"]

[[package]]
name = "roact-navigation"
version = "0.1.0"
commit = "9887d0656789576639c74f0ae4c650f95cd23b5a"
source = "git+https://github.rbx.com/roblox/roact-navigation#v0.1.1b"
dependencies = [
    "Cryo <patched> roblox/cryo 1.0.0 url+https://github.com/roblox/cryo",
    "Otter <patched> roblox/otter 0.1.1 url+https://github.com/roblox/otter",
    "Roact Roact1xMigration 9f19eb8d git+https://github.rbx.com/pdoyle/roact-1x-migration#master",
]

[[package]]
name = "roblox/cryo"
version = "1.0.0"
commit = "272caa8f3f3b3b29296b462f80b65cc9b1c92f1e"
source = "url+https://github.com/roblox/cryo"

[[package]]
name = "roblox/enumerate"
version = "1.0.0"
commit = "48daaf0df47eaf36c154d691a8320239e4a1312e"
source = "url+https://github.com/roblox/enumerate"

[[package]]
name = "roblox/genericpagination"
version = "0.1.0"
commit = "cf641eb5d4fe466735f776cb812870358a61cd65"
source = "git+https://github.rbx.com/roblox/genericpagination#master"
dependencies = [
    "Promise lua-promise bbb9e162 git+https://github.rbx.com/roblox/lua-promise#master",
    "t <patched> roblox/t 1.2.5 url+https://github.com/roblox/t",
]

[[package]]
name = "roblox/infinite-scroller"
version = "0.3.4"
commit = "43d4eedf0d7a0a97d2dd55e7f066ac617e7fde9f"
source = "url+https://github.com/roblox/infinite-scroller"
dependencies = [
    "Cryo roblox/cryo 1.0.0 url+https://github.com/roblox/cryo",
    "FitFrame roblox/roact-fit-components 1.2.3 url+https://github.com/roblox/roact-fit-components",
    "Otter roblox/otter 0.1.1 url+https://github.com/roblox/otter",
    "Roact roblox/roact 1.2.0 url+https://github.com/roblox/roact",
    "t roblox/t 1.2.5 url+https://github.com/roblox/t",
]

[[package]]
name = "roblox/infinite-scroller"
version = "0.5.1"
commit = "5360e470e57d4448015f5ed6e99e8911d6374516"
source = "url+https://github.com/roblox/infinite-scroller"
dependencies = [
    "Cryo roblox/cryo 1.0.0 url+https://github.com/roblox/cryo",
    "FitFrame roblox/roact-fit-components 1.2.3 url+https://github.com/roblox/roact-fit-components",
    "Otter roblox/otter 0.1.1 url+https://github.com/roblox/otter",
    "Roact roblox/roact 1.2.0 url+https://github.com/roblox/roact",
    "t roblox/t 1.2.5 url+https://github.com/roblox/t",
]

[[package]]
name = "roblox/lua-symbol"
version = "0.1.0"
commit = "139fdfe6e4d4eca690887d3beb80e1514af501bf"
source = "git+https://github.rbx.com/roblox/lua-symbol#master"

[[package]]
name = "roblox/lumberyak"
version = "0.1.0"
commit = "4c383367585db0c21d8bf46c622210e2e849ed2b"
source = "git+https://github.rbx.com/roblox/lumberyak#master"
dependencies = ["Cryo <patched> roblox/cryo 1.0.0 url+https://github.com/roblox/cryo"]

[[package]]
name = "roblox/otter"
version = "0.1.1"
commit = "755ed412f9e75922aa02ea3df44fb834c4dca24d"
source = "url+https://github.com/roblox/otter"

[[package]]
name = "roblox/policy-provider"
version = "0.1.0"
commit = "75d0bed6b669067f0374dac3996620971b9e5241"
source = "git+https://github.rbx.com/roblox/lua-roact-policy-provider#master"
dependencies = [
    "Cryo roblox/cryo 1.0.0 url+https://github.com/roblox/cryo",
    "Lumberyak roblox/lumberyak 4c383367 git+https://github.rbx.com/roblox/lumberyak#master",
    "Mock jtaylor/mock d2c4005c git+https://github.rbx.com/roblox/mock#master",
    "Promise lua-promise bbb9e162 git+https://github.rbx.com/roblox/lua-promise#master",
    "Roact roblox/roact 1.2.0 url+https://github.com/roblox/roact",
    "Symbol roblox/lua-symbol 139fdfe6 git+https://github.rbx.com/roblox/lua-symbol#master",
    "tutils tutils 74574fde git+https://github.rbx.com/roblox/tutils#master",
]

[[package]]
name = "roblox/purchase-prompt"
version = "0.1.6"
commit = "106d0c26c3465403afee22e16cf96444556f8531"
source = "git+https://github.com/roblox/purchasepromptscript-roact#master"
dependencies = [
    "Cryo roblox/cryo 1.0.0 url+https://github.com/roblox/cryo",
    "FitFrame roblox/roact-fit-components 1.2.3 url+https://github.com/roblox/roact-fit-components",
    "Otter roblox/otter 0.1.1 url+https://github.com/roblox/otter",
    "Roact roblox/roact 1.2.0 url+https://github.com/roblox/roact",
    "RoactRodux roblox/roact-rodux 0.2.1 url+https://github.com/roblox/roact-rodux",
    "Rodux roblox/rodux 1.0.0 url+https://github.com/roblox/rodux",
    "UIBlox <patched> UIBlox 75e6a511 git+https://github.com/roblox/uiblox#master",
    "t roblox/t 1.2.5 url+https://github.com/roblox/t",
]

[[package]]
name = "roblox/roact"
version = "1.2.0"
commit = "3de41375019750847c986183dc10e6d6dd033300"
source = "url+https://github.com/roblox/roact"

[[package]]
name = "roblox/roact-fit-components"
version = "1.2.3"
commit = "71b031c84aac62710f11d1ecc8cf81d0713a9321"
source = "url+https://github.com/roblox/roact-fit-components"
dependencies = [
    "Cryo roblox/cryo 1.0.0 url+https://github.com/roblox/cryo",
    "Roact roblox/roact 1.2.0 url+https://github.com/roblox/roact",
]

[[package]]
name = "roblox/roact-navigation"
version = "0.2.6"
commit = "321ff0f63b0d4361d45a6f6f84eb24b6ddb81dc6"
source = "url+https://github.com/roblox/roact-navigation"
dependencies = [
    "Cryo roblox/cryo 1.0.0 url+https://github.com/roblox/cryo",
    "Otter roblox/otter 0.1.1 url+https://github.com/roblox/otter",
    "Roact roblox/roact 1.2.0 url+https://github.com/roblox/roact",
    "StateTable roblox/state-table 0.1.0 url+https://github.com/roblox/state-table",
]

[[package]]
name = "roblox/roact-rodux"
version = "0.2.1"
commit = "e2c93b6c95bdd22c2b984fe566d8d34afa3e1fa4"
source = "url+https://github.com/roblox/roact-rodux"
dependencies = [
    "Roact roblox/roact 1.2.0 url+https://github.com/roblox/roact",
    "Rodux roblox/rodux 1.0.0 url+https://github.com/roblox/rodux",
]

[[package]]
name = "roblox/rodux"
version = "1.0.0"
commit = "416e8042bd6eac7a385cb0955079501fd44f11e1"
source = "url+https://github.com/roblox/rodux"

[[package]]
name = "roblox/state-table"
version = "0.1.0"
commit = "aa0641127efcb15fcabb26f5ba46e44815f42d4a"
source = "url+https://github.com/roblox/state-table"

[[package]]
name = "roblox/t"
version = "1.2.5"
commit = "5d6ee3e23a658b12bc433b0837184215618e233e"
source = "url+https://github.com/roblox/t"

[[package]]
name = "roblox/testez"
version = "0.1.1"
commit = "3a92248ed671ff29832c8910c36ecd563cc2b99d"
source = "url+https://github.com/roblox/testez"

[[package]]
name = "rodux-networking"
version = "0.1.0"
commit = "b3747078bc5ea33e84928415e61bfcfa6c48a1d4"
source = "git+https://github.rbx.com/roblox/rodux-networking#master"
dependencies = [
    "Cryo <patched> roblox/cryo 1.0.0 url+https://github.com/roblox/cryo",
    "Freeze freeze f18cf7e5 git+https://github.rbx.com/roblox/freeze#master",
    "Promise lua-promise bbb9e162 git+https://github.rbx.com/roblox/lua-promise#master",
    "Rodux <patched> roblox/rodux 1.0.0 url+https://github.com/roblox/rodux",
    "tutils tutils 74574fde git+https://github.rbx.com/roblox/tutils#master",
]

[[package]]
name = "tutils"
version = "0.1.0"
commit = "74574fde7b9fca4c71cad999e1144548640e7de0"
source = "git+https://github.rbx.com/roblox/tutils#master"
