# This file is automatically @generated by rotriever.
# It is not intended for manual editing.
lockfile_format_version = 3

[[package]]
name = "CorePackages"
version = "0.1.0"
dependencies = [
    "Cryo roblox/cryo 1.0.0 registry+https://github.rbx.com/roblox/rotriever-index",
    "InGameMenuDependencies InGameMenuDependencies 0a5670ca git+https://github.rbx.com/roblox/in-game-menu-dependencies#master",
    "LuaChatDeps LuaChatDeps 4a259061 git+https://github.rbx.com/roblox/lua-chat-deps#master",
    "LuaDiscussionsDeps LuaDiscussionsDeps f61ab8c8 git+https://github.rbx.com/roblox/lua-discussions-deps#master",
    "LuaSocialLibrariesDeps LuaSocialLibrariesDeps 1f18f7ae git+https://github.rbx.com/roblox/lua-social-libraries-deps#master",
    "Otter roblox/otter 0.1.0 registry+https://github.rbx.com/roblox/rotriever-index",
    "Promise lua-promise bbb9e162 git+https://github.rbx.com/roblox/lua-promise#master",
    "PurchasePrompt PurchasePromptMigration 38269871 git+https://github.rbx.com/esauer/purchase-prompt-migration#master",
    "Result lua-Result 4c69dedd git+https://github.rbx.com/roblox/lua-result#master",
    "Roact roblox/roact 1.2.0 registry+https://github.rbx.com/roblox/rotriever-index",
    "RoactNavigation roblox/roact-navigation 0.2.4 registry+https://github.rbx.com/roblox/rotriever-index",
    "RoactRodux roblox/roact-rodux 0.2.0 registry+https://github.rbx.com/roblox/rotriever-index",
    "Rodux roblox/rodux 1.0.0 registry+https://github.rbx.com/roblox/rotriever-index",
    "UIBlox UIBlox c6de0182 git+https://github.rbx.com/roblox/uiblox#master",
    "enumerate roblox/enumerate 1.0.0 registry+https://github.rbx.com/roblox/rotriever-index",
    "t osyris/t 1.2.5 registry+https://github.rbx.com/roblox/rotriever-index",
    "tutils tutils 74574fde git+https://github.rbx.com/roblox/tutils#master",
]

[[package]]
name = "InGameMenuDependencies"
version = "0.1.0"
source = "git+https://github.rbx.com/roblox/in-game-menu-dependencies#master"
commit = "0a5670ca32300ab15ae5e47636264de029257378"
dependencies = [
    "Cryo roblox/cryo 1.0.0 registry+https://github.rbx.com/roblox/rotriever-index",
    "Otter roblox/otter 0.1.0 registry+https://github.rbx.com/roblox/rotriever-index",
    "Roact roblox/roact 1.2.0 registry+https://github.rbx.com/roblox/rotriever-index",
    "RoactRodux roblox/roact-rodux 0.2.0 registry+https://github.rbx.com/roblox/rotriever-index",
    "Rodux roblox/rodux 1.0.0 registry+https://github.rbx.com/roblox/rotriever-index",
    "UIBlox UIBlox c6de0182 git+https://github.rbx.com/roblox/uiblox#master",
    "t osyris/t 1.2.5 registry+https://github.rbx.com/roblox/rotriever-index",
]

[[package]]
name = "LuaChatDeps"
version = "0.1.1"
source = "git+https://github.rbx.com/roblox/lua-chat-deps#master"
commit = "4a259061ee104cefbbfddb4d57c2ec851894a614"
dependencies = [
    "InfiniteScroll roblox/infinite-scroller 0.3.3 registry+https://github.rbx.com/roblox/rotriever-index",
    "RoduxNetworking rodux-networking cd528e25 git+https://github.rbx.com/roblox/rodux-networking#master",
    "UIBlox UIBlox 59a469fd git+https://github.rbx.com/axia/uiblox#master",
]

[[package]]
name = "LuaDiscussionsDeps"
version = "0.1.1"
source = "git+https://github.rbx.com/roblox/lua-discussions-deps#master"
commit = "f61ab8c8d197f9afeee8951281bea0a905b3045a"
dependencies = [
    "InfiniteScroll roblox/infinite-scroller 0.3.3 registry+https://github.rbx.com/roblox/rotriever-index",
    "RoactFitComponents roblox/roact-fit-components 1.0.0 registry+https://github.rbx.com/roblox/rotriever-index",
    "RoactNavigation roact-navigation 9887d065 git+https://github.rbx.com/roblox/roact-navigation#v0.1.1b",
    "RoduxNetworking rodux-networking cd528e25 git+https://github.rbx.com/roblox/rodux-networking#master",
]

[[package]]
name = "LuaSocialLibrariesDeps"
version = "0.1.1"
source = "git+https://github.rbx.com/roblox/lua-social-libraries-deps#master"
commit = "1f18f7aec11319b50f3b6120b427736cc5db83ae"
dependencies = [
    "GenericPagination roblox/genericpagination cf641eb5 git+https://github.rbx.com/roblox/genericpagination#master",
    "RoactFitComponents roblox/roact-fit-components 1.0.0 registry+https://github.rbx.com/roblox/rotriever-index",
]

[[package]]
name = "PurchasePromptMigration"
version = "0.6.5"
source = "git+https://github.rbx.com/esauer/purchase-prompt-migration#master"
commit = "38269871c48a664d19d71b53ebbd7ede764c1862"
dependencies = [
    "PurchasePrompt roblox/purchase-prompt 63e1d483 git+https://github.com/roblox/purchasepromptscript-roact#master",
    "PurchasePromptOld roblox/purchase-prompt 582f422c git+https://github.com/roblox/purchasepromptscript-roact#0.1.4",
]

[[package]]
name = "Roact1xMigration"
version = "1.2.0"
source = "git+https://github.rbx.com/pdoyle/roact-1x-migration#master"
commit = "9f19eb8db5fef2fbc8c83fd096b9ec6338e5d1d8"
dependencies = ["Roact <patched> roblox/roact 1.2.0 registry+https://github.rbx.com/roblox/rotriever-index"]

[[package]]
name = "UIBlox"
version = "0.1.0"
source = "git+https://github.rbx.com/axia/uiblox#master"
commit = "59a469fd53f372fa1b7bad6de4b94b77e9b1ccaf"
dependencies = [
    "Cryo roblox/cryo 1.0.0 registry+https://github.rbx.com/roblox/rotriever-index",
    "FitFrame roblox/roact-fit-components 1.0.0 registry+https://github.rbx.com/roblox/rotriever-index",
    "InfiniteScroller roblox/infinite-scroller 0.3.3 registry+https://github.rbx.com/roblox/rotriever-index",
    "Otter roblox/otter 0.0.1 registry+https://github.rbx.com/roblox/rotriever-index",
    "Roact roblox/roact 1.2.0 registry+https://github.rbx.com/roblox/rotriever-index",
    "enumerate roblox/enumerate 1.0.0 registry+https://github.rbx.com/roblox/rotriever-index",
    "t osyris/t 1.2.5 registry+https://github.rbx.com/roblox/rotriever-index",
]

[[package]]
name = "UIBlox"
version = "0.1.0"
source = "git+https://github.rbx.com/roblox/uiblox#master"
commit = "c6de0182bfd715f0617400528695514022f4452f"
dependencies = [
    "Cryo roblox/cryo 1.0.0 registry+https://github.rbx.com/roblox/rotriever-index",
    "FitFrame roblox/roact-fit-components 1.0.0 registry+https://github.rbx.com/roblox/rotriever-index",
    "InfiniteScroller roblox/infinite-scroller 0.3.3 registry+https://github.rbx.com/roblox/rotriever-index",
    "Otter roblox/otter 0.0.1 registry+https://github.rbx.com/roblox/rotriever-index",
    "Roact roblox/roact 1.2.0 registry+https://github.rbx.com/roblox/rotriever-index",
    "enumerate roblox/enumerate 1.0.0 registry+https://github.rbx.com/roblox/rotriever-index",
    "t osyris/t 1.2.5 registry+https://github.rbx.com/roblox/rotriever-index",
]

[[package]]
name = "freeze"
version = "0.1.0"
source = "git+https://github.rbx.com/roblox/freeze#master"
commit = "f18cf7e585681f3c4d301ac7a67451088d8545e8"
dependencies = ["Cryo <patched> roblox/cryo 1.0.0 registry+https://github.rbx.com/roblox/rotriever-index"]

[[package]]
name = "lua-Result"
version = "0.1.0"
source = "git+https://github.rbx.com/roblox/lua-result#master"
commit = "4c69dedd694955062eacabb674dc3088c4a7fa60"

[[package]]
name = "lua-promise"
version = "0.1.0"
source = "git+https://github.rbx.com/roblox/lua-promise#master"
commit = "bbb9e1628901e29b8fad444ed1c9743ccbb3280b"
dependencies = ["tutils tutils 74574fde git+https://github.rbx.com/roblox/tutils#master"]

[[package]]
name = "osyris/t"
version = "1.2.5"
source = "registry+https://github.rbx.com/roblox/rotriever-index"

[[package]]
name = "roact-navigation"
version = "0.1.0"
source = "git+https://github.rbx.com/roblox/roact-navigation#v0.1.1b"
commit = "9887d0656789576639c74f0ae4c650f95cd23b5a"
dependencies = [
    "Cryo <patched> roblox/cryo 1.0.0 registry+https://github.rbx.com/roblox/rotriever-index",
    "Otter <patched> roblox/otter 0.1.0 registry+https://github.rbx.com/roblox/rotriever-index",
    "Roact Roact1xMigration 9f19eb8d git+https://github.rbx.com/pdoyle/roact-1x-migration#master",
]

[[package]]
name = "roblox/cryo"
version = "1.0.0"
source = "registry+https://github.rbx.com/roblox/rotriever-index"

[[package]]
name = "roblox/enumerate"
version = "1.0.0"
source = "registry+https://github.rbx.com/roblox/rotriever-index"

[[package]]
name = "roblox/genericpagination"
version = "0.1.0"
source = "git+https://github.rbx.com/roblox/genericpagination#master"
commit = "cf641eb5d4fe466735f776cb812870358a61cd65"
dependencies = [
    "Promise lua-promise bbb9e162 git+https://github.rbx.com/roblox/lua-promise#master",
    "t <patched> osyris/t 1.2.5 registry+https://github.rbx.com/roblox/rotriever-index",
]

[[package]]
name = "roblox/infinite-scroller"
version = "0.3.3"
source = "registry+https://github.rbx.com/roblox/rotriever-index"
dependencies = [
    "Cryo roblox/cryo 1.0.0 registry+https://github.rbx.com/roblox/rotriever-index",
    "FitFrame roblox/roact-fit-components 1.0.0 registry+https://github.rbx.com/roblox/rotriever-index",
    "Otter roblox/otter 0.0.1 registry+https://github.rbx.com/roblox/rotriever-index",
    "Roact roblox/roact 1.2.0 registry+https://github.rbx.com/roblox/rotriever-index",
    "t osyris/t 1.2.5 registry+https://github.rbx.com/roblox/rotriever-index",
]

[[package]]
name = "roblox/otter"
version = "0.0.1"
source = "registry+https://github.rbx.com/roblox/rotriever-index"

[[package]]
name = "roblox/otter"
version = "0.1.0"
source = "registry+https://github.rbx.com/roblox/rotriever-index"

[[package]]
name = "roblox/purchase-prompt"
version = "0.1.4"
source = "git+https://github.com/roblox/purchasepromptscript-roact#0.1.4"
commit = "582f422c9c06c572ccda9e0a0f82990e7080e49c"
dependencies = [
    "Cryo <patched> roblox/cryo 1.0.0 registry+https://github.rbx.com/roblox/rotriever-index",
    "Otter <patched> roblox/otter 0.1.0 registry+https://github.rbx.com/roblox/rotriever-index",
    "Roact <patched> roblox/roact 1.2.0 registry+https://github.rbx.com/roblox/rotriever-index",
    "RoactRodux <patched> roblox/roact-rodux 0.2.0 registry+https://github.rbx.com/roblox/rotriever-index",
    "Rodux <patched> roblox/rodux 1.0.0 registry+https://github.rbx.com/roblox/rotriever-index",
]

[[package]]
name = "roblox/purchase-prompt"
version = "0.1.5"
source = "git+https://github.com/roblox/purchasepromptscript-roact#master"
commit = "63e1d483959fdd35871d5197e8f067ba332f55c4"
dependencies = [
    "Cryo roblox/cryo 1.0.0 registry+https://github.rbx.com/roblox/rotriever-index",
    "FitFrame roblox/roact-fit-components 1.0.0 registry+https://github.rbx.com/roblox/rotriever-index",
    "Otter roblox/otter 0.1.0 registry+https://github.rbx.com/roblox/rotriever-index",
    "Roact roblox/roact 1.2.0 registry+https://github.rbx.com/roblox/rotriever-index",
    "RoactRodux roblox/roact-rodux 0.2.0 registry+https://github.rbx.com/roblox/rotriever-index",
    "Rodux roblox/rodux 1.0.0 registry+https://github.rbx.com/roblox/rotriever-index",
    "UIBlox UIBlox c6de0182 git+https://github.rbx.com/roblox/uiblox#master",
    "t osyris/t 1.2.5 registry+https://github.rbx.com/roblox/rotriever-index",
]

[[package]]
name = "roblox/roact"
version = "1.2.0"
source = "registry+https://github.rbx.com/roblox/rotriever-index"

[[package]]
name = "roblox/roact-fit-components"
version = "1.0.0"
source = "registry+https://github.rbx.com/roblox/rotriever-index"
dependencies = [
    "Cryo roblox/cryo 1.0.0 registry+https://github.rbx.com/roblox/rotriever-index",
    "Roact roblox/roact 1.2.0 registry+https://github.rbx.com/roblox/rotriever-index",
]

[[package]]
name = "roblox/roact-navigation"
version = "0.2.4"
source = "registry+https://github.rbx.com/roblox/rotriever-index"
dependencies = [
    "Cryo roblox/cryo 1.0.0 registry+https://github.rbx.com/roblox/rotriever-index",
    "Otter roblox/otter 0.1.0 registry+https://github.rbx.com/roblox/rotriever-index",
    "Roact roblox/roact 1.2.0 registry+https://github.rbx.com/roblox/rotriever-index",
    "StateTable roblox/state-table 0.1.0 registry+https://github.rbx.com/roblox/rotriever-index",
]

[[package]]
name = "roblox/roact-rodux"
version = "0.2.0"
source = "registry+https://github.rbx.com/roblox/rotriever-index"
dependencies = [
    "Roact roblox/roact 1.2.0 registry+https://github.rbx.com/roblox/rotriever-index",
    "Rodux roblox/rodux 1.0.0 registry+https://github.rbx.com/roblox/rotriever-index",
]

[[package]]
name = "roblox/rodux"
version = "1.0.0"
source = "registry+https://github.rbx.com/roblox/rotriever-index"

[[package]]
name = "roblox/state-table"
version = "0.1.0"
source = "registry+https://github.rbx.com/roblox/rotriever-index"

[[package]]
name = "rodux-networking"
version = "0.1.0"
source = "git+https://github.rbx.com/roblox/rodux-networking#master"
commit = "cd528e2538135532cd55cab852538f25fb9543ec"
dependencies = [
    "Cryo <patched> roblox/cryo 1.0.0 registry+https://github.rbx.com/roblox/rotriever-index",
    "Freeze freeze f18cf7e5 git+https://github.rbx.com/roblox/freeze#master",
    "Promise lua-promise bbb9e162 git+https://github.rbx.com/roblox/lua-promise#master",
    "Rodux <patched> roblox/rodux 1.0.0 registry+https://github.rbx.com/roblox/rotriever-index",
    "tutils tutils 74574fde git+https://github.rbx.com/roblox/tutils#master",
]

[[package]]
name = "tutils"
version = "0.1.0"
source = "git+https://github.rbx.com/roblox/tutils#master"
commit = "74574fde7b9fca4c71cad999e1144548640e7de0"
